// !$*UTF8*$!
{
	archiveVersion = 1;
	classes = {
	};
	objectVersion = 56;
	objects = {

/* Begin PBXBuildFile section */
		751073B72AA1C078009B1C31 /* FilterProductsView.swift in Sources */ = {isa = PBXBuildFile; fileRef = 751073B62AA1C077009B1C31 /* FilterProductsView.swift */; };
		751073B92AA1C089009B1C31 /* FilterViewModel.swift in Sources */ = {isa = PBXBuildFile; fileRef = 751073B82AA1C089009B1C31 /* FilterViewModel.swift */; };
		752830822AA0ED3F00752EF9 /* SearchViewModel.swift in Sources */ = {isa = PBXBuildFile; fileRef = 752830812AA0ED3F00752EF9 /* SearchViewModel.swift */; };
		752830882AA1230100752EF9 /* FilterModel.swift in Sources */ = {isa = PBXBuildFile; fileRef = 752830872AA1230100752EF9 /* FilterModel.swift */; };
		754F436F2A6F10CA00D1943F /* DetailProductView.swift in Sources */ = {isa = PBXBuildFile; fileRef = 754F436E2A6F10CA00D1943F /* DetailProductView.swift */; };
		75586FEF2A9F7F18004BE5D4 /* SearchResult.swift in Sources */ = {isa = PBXBuildFile; fileRef = 75586FEE2A9F7F18004BE5D4 /* SearchResult.swift */; };
		756A22092A6ACA7100909E60 /* NetworkProvider.swift in Sources */ = {isa = PBXBuildFile; fileRef = 756A22082A6ACA7100909E60 /* NetworkProvider.swift */; };
		756A220B2A6ACD5000909E60 /* OneEntryProvider.swift in Sources */ = {isa = PBXBuildFile; fileRef = 756A220A2A6ACD5000909E60 /* OneEntryProvider.swift */; };
		756A22102A6AD48000909E60 /* OneEntryError.swift in Sources */ = {isa = PBXBuildFile; fileRef = 756A220F2A6AD48000909E60 /* OneEntryError.swift */; };
		756A22122A6AD5E300909E60 /* MenuModel.swift in Sources */ = {isa = PBXBuildFile; fileRef = 756A22112A6AD5E300909E60 /* MenuModel.swift */; };
		756A22142A6AD65E00909E60 /* PageModel.swift in Sources */ = {isa = PBXBuildFile; fileRef = 756A22132A6AD65E00909E60 /* PageModel.swift */; };
		756A22162A6AD9DF00909E60 /* ProductModel.swift in Sources */ = {isa = PBXBuildFile; fileRef = 756A22152A6AD9DF00909E60 /* ProductModel.swift */; };
		756A22182A6ADF5200909E60 /* ImageModel.swift in Sources */ = {isa = PBXBuildFile; fileRef = 756A22172A6ADF5200909E60 /* ImageModel.swift */; };
		757A68C02A9CE01D00EA8EF3 /* BlogsView.swift in Sources */ = {isa = PBXBuildFile; fileRef = 757A68BF2A9CE01D00EA8EF3 /* BlogsView.swift */; };
		757A68C22A9CEB8300EA8EF3 /* BlogView.swift in Sources */ = {isa = PBXBuildFile; fileRef = 757A68C12A9CEB8300EA8EF3 /* BlogView.swift */; };
		758D371D2A6EB7AD00B92DCA /* SideMenu.swift in Sources */ = {isa = PBXBuildFile; fileRef = 758D371C2A6EB7AD00B92DCA /* SideMenu.swift */; };
		758D37212A6EC4C500B92DCA /* SideMenuViewModel.swift in Sources */ = {isa = PBXBuildFile; fileRef = 758D37202A6EC4C500B92DCA /* SideMenuViewModel.swift */; };
		758D37232A6EDC6300B92DCA /* LoadingView.swift in Sources */ = {isa = PBXBuildFile; fileRef = 758D37222A6EDC6300B92DCA /* LoadingView.swift */; };
		758D37252A6EF63A00B92DCA /* ProductView.swift in Sources */ = {isa = PBXBuildFile; fileRef = 758D37242A6EF63A00B92DCA /* ProductView.swift */; };
		758DE2BE2A700D9B00286DAE /* CartViewModel.swift in Sources */ = {isa = PBXBuildFile; fileRef = 758DE2BD2A700D9B00286DAE /* CartViewModel.swift */; };
		758DE2C72A70241100286DAE /* CategoryView.swift in Sources */ = {isa = PBXBuildFile; fileRef = 758DE2C62A70241100286DAE /* CategoryView.swift */; };
		758DE2C92A7024CD00286DAE /* InfoModel.swift in Sources */ = {isa = PBXBuildFile; fileRef = 758DE2C82A7024CD00286DAE /* InfoModel.swift */; };
		75C507322A6981E8005C2447 /* One_Entry_PreviewApp.swift in Sources */ = {isa = PBXBuildFile; fileRef = 75C507312A6981E8005C2447 /* One_Entry_PreviewApp.swift */; };
		75C507342A6981E8005C2447 /* ContentView.swift in Sources */ = {isa = PBXBuildFile; fileRef = 75C507332A6981E8005C2447 /* ContentView.swift */; };
		75C507362A6981EB005C2447 /* Assets.xcassets in Resources */ = {isa = PBXBuildFile; fileRef = 75C507352A6981EB005C2447 /* Assets.xcassets */; };
		75C507392A6981EB005C2447 /* Preview Assets.xcassets in Resources */ = {isa = PBXBuildFile; fileRef = 75C507382A6981EB005C2447 /* Preview Assets.xcassets */; };
		75C507422A698511005C2447 /* Resources.swift in Sources */ = {isa = PBXBuildFile; fileRef = 75C507412A698511005C2447 /* Resources.swift */; };
		75CF2E1F2A6B2053008B8C1E /* ApplicationView.swift in Sources */ = {isa = PBXBuildFile; fileRef = 75CF2E1E2A6B2053008B8C1E /* ApplicationView.swift */; };
		75CF2E222A6B22AD008B8C1E /* HomeView.swift in Sources */ = {isa = PBXBuildFile; fileRef = 75CF2E212A6B22AD008B8C1E /* HomeView.swift */; };
		75CF2E242A6B22D1008B8C1E /* MenuViewModel.swift in Sources */ = {isa = PBXBuildFile; fileRef = 75CF2E232A6B22D1008B8C1E /* MenuViewModel.swift */; };
		75CF2E262A6B260D008B8C1E /* PaginationViewModel.swift in Sources */ = {isa = PBXBuildFile; fileRef = 75CF2E252A6B260D008B8C1E /* PaginationViewModel.swift */; };
		75F76B552A6DA36A00E44AEF /* ApplicationLoadingViewModel.swift in Sources */ = {isa = PBXBuildFile; fileRef = 75F76B542A6DA36A00E44AEF /* ApplicationLoadingViewModel.swift */; };
		9656C90D3E6236C680D75D27 /* Pods_One_Entry_Preview.framework in Frameworks */ = {isa = PBXBuildFile; fileRef = 94D60285C8C0E6B1BE4B1FBD /* Pods_One_Entry_Preview.framework */; };
/* End PBXBuildFile section */

/* Begin PBXFileReference section */
		0CC6760ACDE406985BECCE06 /* Pods-One Entry Preview.release.xcconfig */ = {isa = PBXFileReference; includeInIndex = 1; lastKnownFileType = text.xcconfig; name = "Pods-One Entry Preview.release.xcconfig"; path = "Target Support Files/Pods-One Entry Preview/Pods-One Entry Preview.release.xcconfig"; sourceTree = "<group>"; };
		751073B62AA1C077009B1C31 /* FilterProductsView.swift */ = {isa = PBXFileReference; lastKnownFileType = sourcecode.swift; path = FilterProductsView.swift; sourceTree = "<group>"; };
		751073B82AA1C089009B1C31 /* FilterViewModel.swift */ = {isa = PBXFileReference; lastKnownFileType = sourcecode.swift; path = FilterViewModel.swift; sourceTree = "<group>"; };
		752830812AA0ED3F00752EF9 /* SearchViewModel.swift */ = {isa = PBXFileReference; lastKnownFileType = sourcecode.swift; path = SearchViewModel.swift; sourceTree = "<group>"; };
		752830872AA1230100752EF9 /* FilterModel.swift */ = {isa = PBXFileReference; lastKnownFileType = sourcecode.swift; path = FilterModel.swift; sourceTree = "<group>"; };
		754F436E2A6F10CA00D1943F /* DetailProductView.swift */ = {isa = PBXFileReference; lastKnownFileType = sourcecode.swift; path = DetailProductView.swift; sourceTree = "<group>"; };
		75586FEE2A9F7F18004BE5D4 /* SearchResult.swift */ = {isa = PBXFileReference; lastKnownFileType = sourcecode.swift; path = SearchResult.swift; sourceTree = "<group>"; };
		756A22082A6ACA7100909E60 /* NetworkProvider.swift */ = {isa = PBXFileReference; lastKnownFileType = sourcecode.swift; path = NetworkProvider.swift; sourceTree = "<group>"; };
		756A220A2A6ACD5000909E60 /* OneEntryProvider.swift */ = {isa = PBXFileReference; lastKnownFileType = sourcecode.swift; path = OneEntryProvider.swift; sourceTree = "<group>"; };
		756A220F2A6AD48000909E60 /* OneEntryError.swift */ = {isa = PBXFileReference; lastKnownFileType = sourcecode.swift; path = OneEntryError.swift; sourceTree = "<group>"; };
		756A22112A6AD5E300909E60 /* MenuModel.swift */ = {isa = PBXFileReference; lastKnownFileType = sourcecode.swift; path = MenuModel.swift; sourceTree = "<group>"; };
		756A22132A6AD65E00909E60 /* PageModel.swift */ = {isa = PBXFileReference; lastKnownFileType = sourcecode.swift; path = PageModel.swift; sourceTree = "<group>"; };
		756A22152A6AD9DF00909E60 /* ProductModel.swift */ = {isa = PBXFileReference; lastKnownFileType = sourcecode.swift; path = ProductModel.swift; sourceTree = "<group>"; };
		756A22172A6ADF5200909E60 /* ImageModel.swift */ = {isa = PBXFileReference; lastKnownFileType = sourcecode.swift; path = ImageModel.swift; sourceTree = "<group>"; };
		757A68BF2A9CE01D00EA8EF3 /* BlogsView.swift */ = {isa = PBXFileReference; lastKnownFileType = sourcecode.swift; path = BlogsView.swift; sourceTree = "<group>"; };
		757A68C12A9CEB8300EA8EF3 /* BlogView.swift */ = {isa = PBXFileReference; lastKnownFileType = sourcecode.swift; path = BlogView.swift; sourceTree = "<group>"; };
		758D371C2A6EB7AD00B92DCA /* SideMenu.swift */ = {isa = PBXFileReference; lastKnownFileType = sourcecode.swift; path = SideMenu.swift; sourceTree = "<group>"; };
		758D37202A6EC4C500B92DCA /* SideMenuViewModel.swift */ = {isa = PBXFileReference; lastKnownFileType = sourcecode.swift; path = SideMenuViewModel.swift; sourceTree = "<group>"; };
		758D37222A6EDC6300B92DCA /* LoadingView.swift */ = {isa = PBXFileReference; lastKnownFileType = sourcecode.swift; path = LoadingView.swift; sourceTree = "<group>"; };
		758D37242A6EF63A00B92DCA /* ProductView.swift */ = {isa = PBXFileReference; lastKnownFileType = sourcecode.swift; path = ProductView.swift; sourceTree = "<group>"; };
		758DE2BD2A700D9B00286DAE /* CartViewModel.swift */ = {isa = PBXFileReference; lastKnownFileType = sourcecode.swift; path = CartViewModel.swift; sourceTree = "<group>"; };
		758DE2C62A70241100286DAE /* CategoryView.swift */ = {isa = PBXFileReference; lastKnownFileType = sourcecode.swift; path = CategoryView.swift; sourceTree = "<group>"; };
		758DE2C82A7024CD00286DAE /* InfoModel.swift */ = {isa = PBXFileReference; lastKnownFileType = sourcecode.swift; path = InfoModel.swift; sourceTree = "<group>"; };
		75C5072E2A6981E8005C2447 /* One Entry Preview.app */ = {isa = PBXFileReference; explicitFileType = wrapper.application; includeInIndex = 0; path = "One Entry Preview.app"; sourceTree = BUILT_PRODUCTS_DIR; };
		75C507312A6981E8005C2447 /* One_Entry_PreviewApp.swift */ = {isa = PBXFileReference; lastKnownFileType = sourcecode.swift; path = One_Entry_PreviewApp.swift; sourceTree = "<group>"; };
		75C507332A6981E8005C2447 /* ContentView.swift */ = {isa = PBXFileReference; lastKnownFileType = sourcecode.swift; path = ContentView.swift; sourceTree = "<group>"; };
		75C507352A6981EB005C2447 /* Assets.xcassets */ = {isa = PBXFileReference; lastKnownFileType = folder.assetcatalog; path = Assets.xcassets; sourceTree = "<group>"; };
		75C507382A6981EB005C2447 /* Preview Assets.xcassets */ = {isa = PBXFileReference; lastKnownFileType = folder.assetcatalog; path = "Preview Assets.xcassets"; sourceTree = "<group>"; };
		75C507412A698511005C2447 /* Resources.swift */ = {isa = PBXFileReference; lastKnownFileType = sourcecode.swift; path = Resources.swift; sourceTree = "<group>"; };
		75CF2E1E2A6B2053008B8C1E /* ApplicationView.swift */ = {isa = PBXFileReference; lastKnownFileType = sourcecode.swift; path = ApplicationView.swift; sourceTree = "<group>"; };
		75CF2E212A6B22AD008B8C1E /* HomeView.swift */ = {isa = PBXFileReference; lastKnownFileType = sourcecode.swift; path = HomeView.swift; sourceTree = "<group>"; };
		75CF2E232A6B22D1008B8C1E /* MenuViewModel.swift */ = {isa = PBXFileReference; lastKnownFileType = sourcecode.swift; path = MenuViewModel.swift; sourceTree = "<group>"; };
		75CF2E252A6B260D008B8C1E /* PaginationViewModel.swift */ = {isa = PBXFileReference; lastKnownFileType = sourcecode.swift; path = PaginationViewModel.swift; sourceTree = "<group>"; };
		75F76B542A6DA36A00E44AEF /* ApplicationLoadingViewModel.swift */ = {isa = PBXFileReference; lastKnownFileType = sourcecode.swift; path = ApplicationLoadingViewModel.swift; sourceTree = "<group>"; };
		862CFB7A97139D6426F9C9BD /* Pods-One Entry Preview.debug.xcconfig */ = {isa = PBXFileReference; includeInIndex = 1; lastKnownFileType = text.xcconfig; name = "Pods-One Entry Preview.debug.xcconfig"; path = "Target Support Files/Pods-One Entry Preview/Pods-One Entry Preview.debug.xcconfig"; sourceTree = "<group>"; };
		94D60285C8C0E6B1BE4B1FBD /* Pods_One_Entry_Preview.framework */ = {isa = PBXFileReference; explicitFileType = wrapper.framework; includeInIndex = 0; path = Pods_One_Entry_Preview.framework; sourceTree = BUILT_PRODUCTS_DIR; };
/* End PBXFileReference section */

/* Begin PBXFrameworksBuildPhase section */
		75C5072B2A6981E8005C2447 /* Frameworks */ = {
			isa = PBXFrameworksBuildPhase;
			buildActionMask = 2147483647;
			files = (
				9656C90D3E6236C680D75D27 /* Pods_One_Entry_Preview.framework in Frameworks */,
			);
			runOnlyForDeploymentPostprocessing = 0;
		};
/* End PBXFrameworksBuildPhase section */

/* Begin PBXGroup section */
		45091DEE1F726E9BC26D4286 /* Frameworks */ = {
			isa = PBXGroup;
			children = (
				94D60285C8C0E6B1BE4B1FBD /* Pods_One_Entry_Preview.framework */,
			);
			name = Frameworks;
			sourceTree = "<group>";
		};
		75158BEB2A7942FD00E99FC4 /* ViewModifier */ = {
			isa = PBXGroup;
			children = (
			);
			path = ViewModifier;
			sourceTree = "<group>";
		};
		756A22072A6ACA6400909E60 /* Provider */ = {
			isa = PBXGroup;
			children = (
				756A22082A6ACA7100909E60 /* NetworkProvider.swift */,
				756A220A2A6ACD5000909E60 /* OneEntryProvider.swift */,
			);
			path = Provider;
			sourceTree = "<group>";
		};
		756A220D2A6AD45800909E60 /* Model */ = {
			isa = PBXGroup;
			children = (
				756A220E2A6AD46C00909E60 /* OneEntry */,
			);
			path = Model;
			sourceTree = "<group>";
		};
		756A220E2A6AD46C00909E60 /* OneEntry */ = {
			isa = PBXGroup;
			children = (
				756A220F2A6AD48000909E60 /* OneEntryError.swift */,
				756A22112A6AD5E300909E60 /* MenuModel.swift */,
				756A22132A6AD65E00909E60 /* PageModel.swift */,
				756A22152A6AD9DF00909E60 /* ProductModel.swift */,
				756A22172A6ADF5200909E60 /* ImageModel.swift */,
				758DE2C82A7024CD00286DAE /* InfoModel.swift */,
				75586FEE2A9F7F18004BE5D4 /* SearchResult.swift */,
				752830872AA1230100752EF9 /* FilterModel.swift */,
			);
			path = OneEntry;
			sourceTree = "<group>";
		};
		75C507252A6981E8005C2447 = {
			isa = PBXGroup;
			children = (
				75C507302A6981E8005C2447 /* One Entry Preview */,
				75C5072F2A6981E8005C2447 /* Products */,
				A8B0B0DBF2EE977B58A979EE /* Pods */,
				45091DEE1F726E9BC26D4286 /* Frameworks */,
			);
			sourceTree = "<group>";
		};
		75C5072F2A6981E8005C2447 /* Products */ = {
			isa = PBXGroup;
			children = (
				75C5072E2A6981E8005C2447 /* One Entry Preview.app */,
			);
			name = Products;
			sourceTree = "<group>";
		};
		75C507302A6981E8005C2447 /* One Entry Preview */ = {
			isa = PBXGroup;
			children = (
				75C507402A698200005C2447 /* Resource */,
				756A22072A6ACA6400909E60 /* Provider */,
				756A220D2A6AD45800909E60 /* Model */,
				75CF2E202A6B2230008B8C1E /* ViewModel */,
				75158BEB2A7942FD00E99FC4 /* ViewModifier */,
				75C5073F2A6981F7005C2447 /* View */,
				75C507312A6981E8005C2447 /* One_Entry_PreviewApp.swift */,
				75C507372A6981EB005C2447 /* Preview Content */,
			);
			path = "One Entry Preview";
			sourceTree = "<group>";
		};
		75C507372A6981EB005C2447 /* Preview Content */ = {
			isa = PBXGroup;
			children = (
				75C507382A6981EB005C2447 /* Preview Assets.xcassets */,
			);
			path = "Preview Content";
			sourceTree = "<group>";
		};
		75C5073F2A6981F7005C2447 /* View */ = {
			isa = PBXGroup;
			children = (
				75C507332A6981E8005C2447 /* ContentView.swift */,
				75CF2E1E2A6B2053008B8C1E /* ApplicationView.swift */,
				75CF2E212A6B22AD008B8C1E /* HomeView.swift */,
				758D371C2A6EB7AD00B92DCA /* SideMenu.swift */,
				758D37222A6EDC6300B92DCA /* LoadingView.swift */,
				758D37242A6EF63A00B92DCA /* ProductView.swift */,
				754F436E2A6F10CA00D1943F /* DetailProductView.swift */,
				758DE2C62A70241100286DAE /* CategoryView.swift */,
				757A68BF2A9CE01D00EA8EF3 /* BlogsView.swift */,
				757A68C12A9CEB8300EA8EF3 /* BlogView.swift */,
				751073B62AA1C077009B1C31 /* FilterProductsView.swift */,
			);
			path = View;
			sourceTree = "<group>";
		};
		75C507402A698200005C2447 /* Resource */ = {
			isa = PBXGroup;
			children = (
				75C507352A6981EB005C2447 /* Assets.xcassets */,
				75C507412A698511005C2447 /* Resources.swift */,
			);
			path = Resource;
			sourceTree = "<group>";
		};
		75CF2E202A6B2230008B8C1E /* ViewModel */ = {
			isa = PBXGroup;
			children = (
				75CF2E232A6B22D1008B8C1E /* MenuViewModel.swift */,
				75CF2E252A6B260D008B8C1E /* PaginationViewModel.swift */,
				75F76B542A6DA36A00E44AEF /* ApplicationLoadingViewModel.swift */,
				758D37202A6EC4C500B92DCA /* SideMenuViewModel.swift */,
				758DE2BD2A700D9B00286DAE /* CartViewModel.swift */,
				752830812AA0ED3F00752EF9 /* SearchViewModel.swift */,
				751073B82AA1C089009B1C31 /* FilterViewModel.swift */,
			);
			path = ViewModel;
			sourceTree = "<group>";
		};
		A8B0B0DBF2EE977B58A979EE /* Pods */ = {
			isa = PBXGroup;
			children = (
				862CFB7A97139D6426F9C9BD /* Pods-One Entry Preview.debug.xcconfig */,
				0CC6760ACDE406985BECCE06 /* Pods-One Entry Preview.release.xcconfig */,
			);
			path = Pods;
			sourceTree = "<group>";
		};
/* End PBXGroup section */

/* Begin PBXNativeTarget section */
		75C5072D2A6981E8005C2447 /* One Entry Preview */ = {
			isa = PBXNativeTarget;
			buildConfigurationList = 75C5073C2A6981EB005C2447 /* Build configuration list for PBXNativeTarget "One Entry Preview" */;
			buildPhases = (
				E40284E88682DF3ADA891810 /* [CP] Check Pods Manifest.lock */,
				75C5072A2A6981E8005C2447 /* Sources */,
				75C5072B2A6981E8005C2447 /* Frameworks */,
				75C5072C2A6981E8005C2447 /* Resources */,
				3ED1930AF09DE108F5A68C0A /* [CP] Embed Pods Frameworks */,
			);
			buildRules = (
			);
			dependencies = (
			);
			name = "One Entry Preview";
			productName = "One Entry Preview";
			productReference = 75C5072E2A6981E8005C2447 /* One Entry Preview.app */;
			productType = "com.apple.product-type.application";
		};
/* End PBXNativeTarget section */

/* Begin PBXProject section */
		75C507262A6981E8005C2447 /* Project object */ = {
			isa = PBXProject;
			attributes = {
				BuildIndependentTargetsInParallel = 1;
				LastSwiftUpdateCheck = 1500;
				LastUpgradeCheck = 1500;
				TargetAttributes = {
					75C5072D2A6981E8005C2447 = {
						CreatedOnToolsVersion = 15.0;
					};
				};
			};
			buildConfigurationList = 75C507292A6981E8005C2447 /* Build configuration list for PBXProject "One Entry Preview" */;
			compatibilityVersion = "Xcode 14.0";
			developmentRegion = en;
			hasScannedForEncodings = 0;
			knownRegions = (
				en,
				Base,
			);
			mainGroup = 75C507252A6981E8005C2447;
			productRefGroup = 75C5072F2A6981E8005C2447 /* Products */;
			projectDirPath = "";
			projectRoot = "";
			targets = (
				75C5072D2A6981E8005C2447 /* One Entry Preview */,
			);
		};
/* End PBXProject section */

/* Begin PBXResourcesBuildPhase section */
		75C5072C2A6981E8005C2447 /* Resources */ = {
			isa = PBXResourcesBuildPhase;
			buildActionMask = 2147483647;
			files = (
				75C507392A6981EB005C2447 /* Preview Assets.xcassets in Resources */,
				75C507362A6981EB005C2447 /* Assets.xcassets in Resources */,
			);
			runOnlyForDeploymentPostprocessing = 0;
		};
/* End PBXResourcesBuildPhase section */

/* Begin PBXShellScriptBuildPhase section */
		3ED1930AF09DE108F5A68C0A /* [CP] Embed Pods Frameworks */ = {
			isa = PBXShellScriptBuildPhase;
			buildActionMask = 2147483647;
			files = (
			);
			inputFileListPaths = (
				"${PODS_ROOT}/Target Support Files/Pods-One Entry Preview/Pods-One Entry Preview-frameworks-${CONFIGURATION}-input-files.xcfilelist",
			);
			name = "[CP] Embed Pods Frameworks";
			outputFileListPaths = (
				"${PODS_ROOT}/Target Support Files/Pods-One Entry Preview/Pods-One Entry Preview-frameworks-${CONFIGURATION}-output-files.xcfilelist",
			);
			runOnlyForDeploymentPostprocessing = 0;
			shellPath = /bin/sh;
			shellScript = "\"${PODS_ROOT}/Target Support Files/Pods-One Entry Preview/Pods-One Entry Preview-frameworks.sh\"\n";
			showEnvVarsInLog = 0;
		};
		E40284E88682DF3ADA891810 /* [CP] Check Pods Manifest.lock */ = {
			isa = PBXShellScriptBuildPhase;
			buildActionMask = 2147483647;
			files = (
			);
			inputFileListPaths = (
			);
			inputPaths = (
				"${PODS_PODFILE_DIR_PATH}/Podfile.lock",
				"${PODS_ROOT}/Manifest.lock",
			);
			name = "[CP] Check Pods Manifest.lock";
			outputFileListPaths = (
			);
			outputPaths = (
				"$(DERIVED_FILE_DIR)/Pods-One Entry Preview-checkManifestLockResult.txt",
			);
			runOnlyForDeploymentPostprocessing = 0;
			shellPath = /bin/sh;
			shellScript = "diff \"${PODS_PODFILE_DIR_PATH}/Podfile.lock\" \"${PODS_ROOT}/Manifest.lock\" > /dev/null\nif [ $? != 0 ] ; then\n    # print error to STDERR\n    echo \"error: The sandbox is not in sync with the Podfile.lock. Run 'pod install' or update your CocoaPods installation.\" >&2\n    exit 1\nfi\n# This output is used by Xcode 'outputs' to avoid re-running this script phase.\necho \"SUCCESS\" > \"${SCRIPT_OUTPUT_FILE_0}\"\n";
			showEnvVarsInLog = 0;
		};
/* End PBXShellScriptBuildPhase section */

/* Begin PBXSourcesBuildPhase section */
		75C5072A2A6981E8005C2447 /* Sources */ = {
			isa = PBXSourcesBuildPhase;
			buildActionMask = 2147483647;
			files = (
				756A22142A6AD65E00909E60 /* PageModel.swift in Sources */,
				754F436F2A6F10CA00D1943F /* DetailProductView.swift in Sources */,
				75F76B552A6DA36A00E44AEF /* ApplicationLoadingViewModel.swift in Sources */,
				75CF2E242A6B22D1008B8C1E /* MenuViewModel.swift in Sources */,
				758D371D2A6EB7AD00B92DCA /* SideMenu.swift in Sources */,
				75CF2E262A6B260D008B8C1E /* PaginationViewModel.swift in Sources */,
				75CF2E222A6B22AD008B8C1E /* HomeView.swift in Sources */,
				756A22182A6ADF5200909E60 /* ImageModel.swift in Sources */,
				758DE2C72A70241100286DAE /* CategoryView.swift in Sources */,
				756A22102A6AD48000909E60 /* OneEntryError.swift in Sources */,
				758DE2BE2A700D9B00286DAE /* CartViewModel.swift in Sources */,
				75C507422A698511005C2447 /* Resources.swift in Sources */,
				756A220B2A6ACD5000909E60 /* OneEntryProvider.swift in Sources */,
				756A22162A6AD9DF00909E60 /* ProductModel.swift in Sources */,
				756A22122A6AD5E300909E60 /* MenuModel.swift in Sources */,
				756A22092A6ACA7100909E60 /* NetworkProvider.swift in Sources */,
				75CF2E1F2A6B2053008B8C1E /* ApplicationView.swift in Sources */,
				757A68C22A9CEB8300EA8EF3 /* BlogView.swift in Sources */,
				758D37212A6EC4C500B92DCA /* SideMenuViewModel.swift in Sources */,
				758DE2C92A7024CD00286DAE /* InfoModel.swift in Sources */,
				75586FEF2A9F7F18004BE5D4 /* SearchResult.swift in Sources */,
				75C507342A6981E8005C2447 /* ContentView.swift in Sources */,
				751073B92AA1C089009B1C31 /* FilterViewModel.swift in Sources */,
				757A68C02A9CE01D00EA8EF3 /* BlogsView.swift in Sources */,
				758D37252A6EF63A00B92DCA /* ProductView.swift in Sources */,
				752830822AA0ED3F00752EF9 /* SearchViewModel.swift in Sources */,
				75C507322A6981E8005C2447 /* One_Entry_PreviewApp.swift in Sources */,
				758D37232A6EDC6300B92DCA /* LoadingView.swift in Sources */,
				751073B72AA1C078009B1C31 /* FilterProductsView.swift in Sources */,
				752830882AA1230100752EF9 /* FilterModel.swift in Sources */,
			);
			runOnlyForDeploymentPostprocessing = 0;
		};
/* End PBXSourcesBuildPhase section */

/* Begin XCBuildConfiguration section */
		75C5073A2A6981EB005C2447 /* Debug */ = {
			isa = XCBuildConfiguration;
			buildSettings = {
				ALWAYS_SEARCH_USER_PATHS = NO;
				ASSETCATALOG_COMPILER_GENERATE_SWIFT_ASSET_SYMBOL_EXTENSIONS = YES;
				CLANG_ANALYZER_NONNULL = YES;
				CLANG_ANALYZER_NUMBER_OBJECT_CONVERSION = YES_AGGRESSIVE;
				CLANG_CXX_LANGUAGE_STANDARD = "gnu++20";
				CLANG_ENABLE_MODULES = YES;
				CLANG_ENABLE_OBJC_ARC = YES;
				CLANG_ENABLE_OBJC_WEAK = YES;
				CLANG_WARN_BLOCK_CAPTURE_AUTORELEASING = YES;
				CLANG_WARN_BOOL_CONVERSION = YES;
				CLANG_WARN_COMMA = YES;
				CLANG_WARN_CONSTANT_CONVERSION = YES;
				CLANG_WARN_DEPRECATED_OBJC_IMPLEMENTATIONS = YES;
				CLANG_WARN_DIRECT_OBJC_ISA_USAGE = YES_ERROR;
				CLANG_WARN_DOCUMENTATION_COMMENTS = YES;
				CLANG_WARN_EMPTY_BODY = YES;
				CLANG_WARN_ENUM_CONVERSION = YES;
				CLANG_WARN_INFINITE_RECURSION = YES;
				CLANG_WARN_INT_CONVERSION = YES;
				CLANG_WARN_NON_LITERAL_NULL_CONVERSION = YES;
				CLANG_WARN_OBJC_IMPLICIT_RETAIN_SELF = YES;
				CLANG_WARN_OBJC_LITERAL_CONVERSION = YES;
				CLANG_WARN_OBJC_ROOT_CLASS = YES_ERROR;
				CLANG_WARN_QUOTED_INCLUDE_IN_FRAMEWORK_HEADER = YES;
				CLANG_WARN_RANGE_LOOP_ANALYSIS = YES;
				CLANG_WARN_STRICT_PROTOTYPES = YES;
				CLANG_WARN_SUSPICIOUS_MOVE = YES;
				CLANG_WARN_UNGUARDED_AVAILABILITY = YES_AGGRESSIVE;
				CLANG_WARN_UNREACHABLE_CODE = YES;
				CLANG_WARN__DUPLICATE_METHOD_MATCH = YES;
				COPY_PHASE_STRIP = NO;
				DEBUG_INFORMATION_FORMAT = dwarf;
				ENABLE_STRICT_OBJC_MSGSEND = YES;
				ENABLE_TESTABILITY = YES;
				ENABLE_USER_SCRIPT_SANDBOXING = YES;
				GCC_C_LANGUAGE_STANDARD = gnu17;
				GCC_DYNAMIC_NO_PIC = NO;
				GCC_NO_COMMON_BLOCKS = YES;
				GCC_OPTIMIZATION_LEVEL = 0;
				GCC_PREPROCESSOR_DEFINITIONS = (
					"DEBUG=1",
					"$(inherited)",
				);
				GCC_WARN_64_TO_32_BIT_CONVERSION = YES;
				GCC_WARN_ABOUT_RETURN_TYPE = YES_ERROR;
				GCC_WARN_UNDECLARED_SELECTOR = YES;
				GCC_WARN_UNINITIALIZED_AUTOS = YES_AGGRESSIVE;
				GCC_WARN_UNUSED_FUNCTION = YES;
				GCC_WARN_UNUSED_VARIABLE = YES;
				IPHONEOS_DEPLOYMENT_TARGET = 17.0;
				LOCALIZATION_PREFERS_STRING_CATALOGS = YES;
				MTL_ENABLE_DEBUG_INFO = INCLUDE_SOURCE;
				MTL_FAST_MATH = YES;
				ONLY_ACTIVE_ARCH = YES;
				SDKROOT = iphoneos;
				SWIFT_ACTIVE_COMPILATION_CONDITIONS = "DEBUG $(inherited)";
				SWIFT_OPTIMIZATION_LEVEL = "-Onone";
			};
			name = Debug;
		};
		75C5073B2A6981EB005C2447 /* Release */ = {
			isa = XCBuildConfiguration;
			buildSettings = {
				ALWAYS_SEARCH_USER_PATHS = NO;
				ASSETCATALOG_COMPILER_GENERATE_SWIFT_ASSET_SYMBOL_EXTENSIONS = YES;
				CLANG_ANALYZER_NONNULL = YES;
				CLANG_ANALYZER_NUMBER_OBJECT_CONVERSION = YES_AGGRESSIVE;
				CLANG_CXX_LANGUAGE_STANDARD = "gnu++20";
				CLANG_ENABLE_MODULES = YES;
				CLANG_ENABLE_OBJC_ARC = YES;
				CLANG_ENABLE_OBJC_WEAK = YES;
				CLANG_WARN_BLOCK_CAPTURE_AUTORELEASING = YES;
				CLANG_WARN_BOOL_CONVERSION = YES;
				CLANG_WARN_COMMA = YES;
				CLANG_WARN_CONSTANT_CONVERSION = YES;
				CLANG_WARN_DEPRECATED_OBJC_IMPLEMENTATIONS = YES;
				CLANG_WARN_DIRECT_OBJC_ISA_USAGE = YES_ERROR;
				CLANG_WARN_DOCUMENTATION_COMMENTS = YES;
				CLANG_WARN_EMPTY_BODY = YES;
				CLANG_WARN_ENUM_CONVERSION = YES;
				CLANG_WARN_INFINITE_RECURSION = YES;
				CLANG_WARN_INT_CONVERSION = YES;
				CLANG_WARN_NON_LITERAL_NULL_CONVERSION = YES;
				CLANG_WARN_OBJC_IMPLICIT_RETAIN_SELF = YES;
				CLANG_WARN_OBJC_LITERAL_CONVERSION = YES;
				CLANG_WARN_OBJC_ROOT_CLASS = YES_ERROR;
				CLANG_WARN_QUOTED_INCLUDE_IN_FRAMEWORK_HEADER = YES;
				CLANG_WARN_RANGE_LOOP_ANALYSIS = YES;
				CLANG_WARN_STRICT_PROTOTYPES = YES;
				CLANG_WARN_SUSPICIOUS_MOVE = YES;
				CLANG_WARN_UNGUARDED_AVAILABILITY = YES_AGGRESSIVE;
				CLANG_WARN_UNREACHABLE_CODE = YES;
				CLANG_WARN__DUPLICATE_METHOD_MATCH = YES;
				COPY_PHASE_STRIP = NO;
				DEBUG_INFORMATION_FORMAT = "dwarf-with-dsym";
				ENABLE_NS_ASSERTIONS = NO;
				ENABLE_STRICT_OBJC_MSGSEND = YES;
				ENABLE_USER_SCRIPT_SANDBOXING = YES;
				GCC_C_LANGUAGE_STANDARD = gnu17;
				GCC_NO_COMMON_BLOCKS = YES;
				GCC_WARN_64_TO_32_BIT_CONVERSION = YES;
				GCC_WARN_ABOUT_RETURN_TYPE = YES_ERROR;
				GCC_WARN_UNDECLARED_SELECTOR = YES;
				GCC_WARN_UNINITIALIZED_AUTOS = YES_AGGRESSIVE;
				GCC_WARN_UNUSED_FUNCTION = YES;
				GCC_WARN_UNUSED_VARIABLE = YES;
				IPHONEOS_DEPLOYMENT_TARGET = 17.0;
				LOCALIZATION_PREFERS_STRING_CATALOGS = YES;
				MTL_ENABLE_DEBUG_INFO = NO;
				MTL_FAST_MATH = YES;
				SDKROOT = iphoneos;
				SWIFT_COMPILATION_MODE = wholemodule;
				VALIDATE_PRODUCT = YES;
			};
			name = Release;
		};
		75C5073D2A6981EB005C2447 /* Debug */ = {
			isa = XCBuildConfiguration;
			baseConfigurationReference = 862CFB7A97139D6426F9C9BD /* Pods-One Entry Preview.debug.xcconfig */;
			buildSettings = {
				ASSETCATALOG_COMPILER_APPICON_NAME = AppIcon;
				ASSETCATALOG_COMPILER_GLOBAL_ACCENT_COLOR_NAME = AccentColor;
				CODE_SIGN_STYLE = Automatic;
				CURRENT_PROJECT_VERSION = 1;
				DEVELOPMENT_ASSET_PATHS = "\"One Entry Preview/Preview Content\"";
				DEVELOPMENT_TEAM = H4S5B9F55T;
				ENABLE_PREVIEWS = YES;
				ENABLE_USER_SCRIPT_SANDBOXING = NO;
				GENERATE_INFOPLIST_FILE = YES;
				INFOPLIST_KEY_UIApplicationSceneManifest_Generation = YES;
				INFOPLIST_KEY_UIApplicationSupportsIndirectInputEvents = YES;
				INFOPLIST_KEY_UILaunchScreen_Generation = YES;
				INFOPLIST_KEY_UISupportedInterfaceOrientations_iPad = "UIInterfaceOrientationPortrait UIInterfaceOrientationPortraitUpsideDown UIInterfaceOrientationLandscapeLeft UIInterfaceOrientationLandscapeRight";
				INFOPLIST_KEY_UISupportedInterfaceOrientations_iPhone = "UIInterfaceOrientationPortrait UIInterfaceOrientationLandscapeLeft UIInterfaceOrientationLandscapeRight";
				LD_RUNPATH_SEARCH_PATHS = (
					"$(inherited)",
					"@executable_path/Frameworks",
				);
				MARKETING_VERSION = 1.0;
				PRODUCT_BUNDLE_IDENTIFIER = "com.hummel.One-Entry-Preview";
				PRODUCT_NAME = "$(TARGET_NAME)";
				SWIFT_EMIT_LOC_STRINGS = YES;
				SWIFT_VERSION = 5.0;
				TARGETED_DEVICE_FAMILY = "1,2";
			};
			name = Debug;
		};
		75C5073E2A6981EB005C2447 /* Release */ = {
			isa = XCBuildConfiguration;
			baseConfigurationReference = 0CC6760ACDE406985BECCE06 /* Pods-One Entry Preview.release.xcconfig */;
			buildSettings = {
				ASSETCATALOG_COMPILER_APPICON_NAME = AppIcon;
				ASSETCATALOG_COMPILER_GLOBAL_ACCENT_COLOR_NAME = AccentColor;
				CODE_SIGN_STYLE = Automatic;
				CURRENT_PROJECT_VERSION = 1;
				DEVELOPMENT_ASSET_PATHS = "\"One Entry Preview/Preview Content\"";
				DEVELOPMENT_TEAM = H4S5B9F55T;
				ENABLE_PREVIEWS = YES;
				ENABLE_USER_SCRIPT_SANDBOXING = NO;
				GENERATE_INFOPLIST_FILE = YES;
				INFOPLIST_KEY_UIApplicationSceneManifest_Generation = YES;
				INFOPLIST_KEY_UIApplicationSupportsIndirectInputEvents = YES;
				INFOPLIST_KEY_UILaunchScreen_Generation = YES;
				INFOPLIST_KEY_UISupportedInterfaceOrientations_iPad = "UIInterfaceOrientationPortrait UIInterfaceOrientationPortraitUpsideDown UIInterfaceOrientationLandscapeLeft UIInterfaceOrientationLandscapeRight";
				INFOPLIST_KEY_UISupportedInterfaceOrientations_iPhone = "UIInterfaceOrientationPortrait UIInterfaceOrientationLandscapeLeft UIInterfaceOrientationLandscapeRight";
				LD_RUNPATH_SEARCH_PATHS = (
					"$(inherited)",
					"@executable_path/Frameworks",
				);
				MARKETING_VERSION = 1.0;
				PRODUCT_BUNDLE_IDENTIFIER = "com.hummel.One-Entry-Preview";
				PRODUCT_NAME = "$(TARGET_NAME)";
				SWIFT_EMIT_LOC_STRINGS = YES;
				SWIFT_VERSION = 5.0;
				TARGETED_DEVICE_FAMILY = "1,2";
			};
			name = Release;
		};
/* End XCBuildConfiguration section */

/* Begin XCConfigurationList section */
		75C507292A6981E8005C2447 /* Build configuration list for PBXProject "One Entry Preview" */ = {
			isa = XCConfigurationList;
			buildConfigurations = (
				75C5073A2A6981EB005C2447 /* Debug */,
				75C5073B2A6981EB005C2447 /* Release */,
			);
			defaultConfigurationIsVisible = 0;
			defaultConfigurationName = Release;
		};
		75C5073C2A6981EB005C2447 /* Build configuration list for PBXNativeTarget "One Entry Preview" */ = {
			isa = XCConfigurationList;
			buildConfigurations = (
				75C5073D2A6981EB005C2447 /* Debug */,
				75C5073E2A6981EB005C2447 /* Release */,
			);
			defaultConfigurationIsVisible = 0;
			defaultConfigurationName = Release;
		};
/* End XCConfigurationList section */
	};
	rootObject = 75C507262A6981E8005C2447 /* Project object */;
}
